
Microsoft Visual Studio Solution File, Format Version 12.00
# Visual Studio Version 17
VisualStudioVersion = 17.10.35013.160
MinimumVisualStudioVersion = 10.0.40219.1
Project("{FAE04EC0-301F-11D3-BF4B-00C04F79EFBC}") = "HareKrishnaNamaHattaWebApp", "HareKrishnaNamaHattaWebApp.csproj", "{34406575-7002-46F5-B384-56547813D8C4}"
EndProject
Global
	GlobalSection(SolutionConfigurationPlatforms) = preSolution
		Debug|Any CPU = Debug|Any CPU
		Release|Any CPU = Release|Any CPU
	EndGlobalSection
	GlobalSection(ProjectConfigurationPlatforms) = postSolution
		{34406575-7002-46F5-B384-56547813D8C4}.Debug|Any CPU.ActiveCfg = Debug|Any CPU
		{34406575-7002-46F5-B384-56547813D8C4}.Debug|Any CPU.Build.0 = Debug|Any CPU
		{34406575-7002-46F5-B384-56547813D8C4}.Release|Any CPU.ActiveCfg = Release|Any CPU
		{34406575-7002-46F5-B384-56547813D8C4}.Release|Any CPU.Build.0 = Release|Any CPU
	EndGlobalSection
	GlobalSection(SolutionProperties) = preSolution
		HideSolutionNode = FALSE
	EndGlobalSection
	GlobalSection(ExtensibilityGlobals) = postSolution
		SolutionGuid = {C6A9A83F-0DAE-4052-96F6-F366D994AF16}
	EndGlobalSection
EndGlobal
